
Microsoft Visual Studio Solution File, Format Version 11.00
# Visual Studio 2010
# SharpDevelop 5.1
Project("{FAE04EC0-301F-11D3-BF4B-00C04F79EFBC}") = "g", "g\g.csproj", "{5AF4C756-0A2B-4F53-926F-D2CA7607610F}"
EndProject
Global
	GlobalSection(SolutionConfigurationPlatforms) = preSolution
		Debug|Any CPU = Debug|Any CPU
		Release|Any CPU = Release|Any CPU
	EndGlobalSection
	GlobalSection(ProjectConfigurationPlatforms) = postSolution
		{5AF4C756-0A2B-4F53-926F-D2CA7607610F}.Debug|Any CPU.ActiveCfg = Debug|Any CPU
		{5AF4C756-0A2B-4F53-926F-D2CA7607610F}.Debug|Any CPU.Build.0 = Debug|Any CPU
		{5AF4C756-0A2B-4F53-926F-D2CA7607610F}.Release|Any CPU.ActiveCfg = Release|Any CPU
		{5AF4C756-0A2B-4F53-926F-D2CA7607610F}.Release|Any CPU.Build.0 = Release|Any CPU
	EndGlobalSection
EndGlobal
